<Solution>
  <Configurations>
    <Platform Name="ARM" />
    <Platform Name="ARM64" />
    <Platform Name="x64" />
    <Platform Name="x86" />
  </Configurations>
  <Project Path="MQTTDisplay/MQTTDisplay.vcxproj" Id="a3ebee25-9833-457e-8127-54003d5a0640">
    <Platform Solution="*|x86" Project="x86" />
    <Deploy />
  </Project>
</Solution>
